github.com/davecgh/go-spew v1.1.1/go.mod h1:J7Y8YcW2NihsgmVo/mv3lAwl/skON4iLHjSsI+c5H38=
github.com/deadsy/libusb v0.0.0-20180330230923-04d6a756f531 h1:noTfmlAVlGL3a7oo+pVBDcTkDZmceTzmljG4nFeMdsk=
github.com/deadsy/libusb v0.0.0-20180330230923-04d6a756f531/go.mod h1:kbbCDzYVr4vkf4h6p4IikxcFAV54iX6UdNg4BgCXFHQ=
github.com/google/gousb v0.0.0-20190812193832-18f4c1d8a750/go.mod h1:Tl4HdAs1ThE3gECkNwz+1MWicX6FXddhJEw7L8jRDiI=
github.com/jsimonetti/go-artnet v0.0.0-20200229173917-43ec7447138c h1:DEL+/ogylG7LsP9X4KCnc7ZQHKZYVYdf2tvWd6b2zgg=
github.com/jsimonetti/go-artnet v0.0.0-20200229173917-43ec7447138c/go.mod h1:N8sFzz7wHYGJd0Hu30NVGINiKthg2EVQW9E2xBVp9VM=
github.com/konsorten/go-windows-terminal-sequences v1.0.1/go.mod h1:T0+1ngSBFLxvqU3pZ+m/2kptfBszLMUkC4ZK/EgS/cQ=
github.com/lucasb-eyer/go-colorful v1.0.3 h1:QIbQXiugsb+q10B+MI+7DI1oQLdmnep86tWFlaaUAac=
github.com/lucasb-eyer/go-colorful v1.0.3/go.mod h1:R4dSotOR9KMtayYi1e77YzuveK+i7ruzyGqttikkLy0=
github.com/pmezard/go-difflib v1.0.0/go.mod h1:iKH77koFhYxTK1pcRnkKkqfTogsbg7gZNVY4sRDYZ/4=
github.com/sirupsen/logrus v1.4.2/go.mod h1:tLMulIdttU9McNUspp0xgXVQah82FyeX6MwdIuYE2rE=
github.com/stretchr/objx v0.1.1/go.mod h1:HFkY916IF+rwdDfMAkV7OtwuqBVzrE8GR6GFx+wExME=
github.com/stretchr/testify v1.2.2/go.mod h1:a8OnRcib4nhh0OaRAV+Yts87kKdq0PP7pXfy6kDkUVs=
gitlab.com/gomidi/midi v1.14.1 h1:+I3MHxspu3H1o2ejAdehBLmIUBTOIdlOlmkdKvCJlME=
gitlab.com/gomidi/midi v1.14.1/go.mod h1:3ohtNOhqoSakkuLG/Li1OI6I3J1c2LErnJF5o/VBq1c=
golang.org/x/sys v0.0.0-20190422165155-953cdadca894/go.mod h1:h1NjWce9XRLGQEsW7wpKNCjG9DtNlClVuFLEZdDNbEs=
