github.com/davecgh/go-spew v1.1.1 h1:vj9j/u1bqnvCEfJOwUhtlOARqs3+rkHYY13jYWTU97c=
github.com/davecgh/go-spew v1.1.1/go.mod h1:J7Y8YcW2NihsgmVo/mv3lAwl/skON4iLHjSsI+c5H38=
github.com/hsluv/hsluv-go v2.0.0+incompatible h1:M/USwFTC5ZHhZ0LPbPkpDu6AWMESfYKu5PJTxk4MHuY=
github.com/hsluv/hsluv-go v2.0.0+incompatible/go.mod h1:ibzdSDmJ9F0U68asF8lD6rnwkarCkAPqZ5keGEha93k=
github.com/jkl1337/go-chromath v0.0.0-20140428033135-240283655afd h1:2E0mbjgdhauYromqh7z0hBgES+rO36oI/xLMHjE1cqg=
github.com/jkl1337/go-chromath v0.0.0-20140428033135-240283655afd/go.mod h1:UNcxP8iShHB0njm/QF7z+UiYNPoTUnfSWExJCxM8Q/I=
github.com/jmacd/portmidi v0.0.0-20200418035943-004a8865e540 h1:0tQyKV0rUu5G7O7WWyf5JDiTdmfVDx/onbvGCLGnRSg=
github.com/jmacd/portmidi v0.0.0-20200418035943-004a8865e540/go.mod h1:2605f12zrBibGnyoURK2B1YScgK4yvlTMMsJ58ecMJ4=
github.com/jsimonetti/go-artnet v0.0.0-20200229173917-43ec7447138c h1:DEL+/ogylG7LsP9X4KCnc7ZQHKZYVYdf2tvWd6b2zgg=
github.com/jsimonetti/go-artnet v0.0.0-20200229173917-43ec7447138c/go.mod h1:N8sFzz7wHYGJd0Hu30NVGINiKthg2EVQW9E2xBVp9VM=
github.com/konsorten/go-windows-terminal-sequences v1.0.1/go.mod h1:T0+1ngSBFLxvqU3pZ+m/2kptfBszLMUkC4ZK/EgS/cQ=
github.com/lucasb-eyer/go-colorful v1.0.3 h1:QIbQXiugsb+q10B+MI+7DI1oQLdmnep86tWFlaaUAac=
github.com/lucasb-eyer/go-colorful v1.0.3/go.mod h1:R4dSotOR9KMtayYi1e77YzuveK+i7ruzyGqttikkLy0=
github.com/pmezard/go-difflib v1.0.0 h1:4DBwDE0NGyQoBHbLQYPwSUPoCMWR5BEzIk/f1lZbAQM=
github.com/pmezard/go-difflib v1.0.0/go.mod h1:iKH77koFhYxTK1pcRnkKkqfTogsbg7gZNVY4sRDYZ/4=
github.com/sirupsen/logrus v1.4.2/go.mod h1:tLMulIdttU9McNUspp0xgXVQah82FyeX6MwdIuYE2rE=
github.com/stretchr/objx v0.1.1/go.mod h1:HFkY916IF+rwdDfMAkV7OtwuqBVzrE8GR6GFx+wExME=
github.com/stretchr/testify v1.2.2/go.mod h1:a8OnRcib4nhh0OaRAV+Yts87kKdq0PP7pXfy6kDkUVs=
gitlab.com/gomidi/midi v1.14.1 h1:+I3MHxspu3H1o2ejAdehBLmIUBTOIdlOlmkdKvCJlME=
gitlab.com/gomidi/midi v1.14.1/go.mod h1:3ohtNOhqoSakkuLG/Li1OI6I3J1c2LErnJF5o/VBq1c=
golang.org/x/sync v0.0.0-20190423024810-112230192c58 h1:8gQV6CLnAEikrhgkHFbMAEhagSSnXWGV915qUMm9mrU=
golang.org/x/sync v0.0.0-20190423024810-112230192c58/go.mod h1:RxMgew5VJxzue5/jJTE5uejpjVlOe/izrB70Jof72aM=
golang.org/x/sys v0.0.0-20190422165155-953cdadca894/go.mod h1:h1NjWce9XRLGQEsW7wpKNCjG9DtNlClVuFLEZdDNbEs=
